
Microsoft Visual Studio Solution File, Format Version 12.00
# Visual Studio Version 17
VisualStudioVersion = 17.0.31903.59
MinimumVisualStudioVersion = 10.0.40219.1
Project("{FAE04EC0-301F-11D3-BF4B-00C04F79EFBC}") = "CustomerRegistration.Web", "CustomerRegistration.Web\CustomerRegistration.Web.csproj", "{325C48DA-0625-40D3-A77B-3F28B9E11E32}"
EndProject
Project("{FAE04EC0-301F-11D3-BF4B-00C04F79EFBC}") = "CustomerRegistration.Data", "CustomerRegistration.Data\CustomerRegistration.Data.csproj", "{2A44C856-C759-4737-8EDA-CCA01526D5C8}"
EndProject
Global
	GlobalSection(SolutionConfigurationPlatforms) = preSolution
		Debug|Any CPU = Debug|Any CPU
		Release|Any CPU = Release|Any CPU
	EndGlobalSection
	GlobalSection(ProjectConfigurationPlatforms) = postSolution
		{325C48DA-0625-40D3-A77B-3F28B9E11E32}.Debug|Any CPU.ActiveCfg = Debug|Any CPU
		{325C48DA-0625-40D3-A77B-3F28B9E11E32}.Debug|Any CPU.Build.0 = Debug|Any CPU
		{325C48DA-0625-40D3-A77B-3F28B9E11E32}.Release|Any CPU.ActiveCfg = Release|Any CPU
		{325C48DA-0625-40D3-A77B-3F28B9E11E32}.Release|Any CPU.Build.0 = Release|Any CPU
		{2A44C856-C759-4737-8EDA-CCA01526D5C8}.Debug|Any CPU.ActiveCfg = Debug|Any CPU
		{2A44C856-C759-4737-8EDA-CCA01526D5C8}.Debug|Any CPU.Build.0 = Debug|Any CPU
		{2A44C856-C759-4737-8EDA-CCA01526D5C8}.Release|Any CPU.ActiveCfg = Release|Any CPU
		{2A44C856-C759-4737-8EDA-CCA01526D5C8}.Release|Any CPU.Build.0 = Release|Any CPU
	EndGlobalSection
	GlobalSection(SolutionProperties) = preSolution
		HideSolutionNode = FALSE
	EndGlobalSection
	GlobalSection(ExtensibilityGlobals) = postSolution
		SolutionGuid = {72E1E4A2-AF23-4FF1-8947-18927EBB2BDE}
	EndGlobalSection
EndGlobal
